
Microsoft Visual Studio Solution File, Format Version 12.00
# Visual Studio Version 16
VisualStudioVersion = 16.0.29911.84
MinimumVisualStudioVersion = 10.0.40219.1
Project("{FAE04EC0-301F-11D3-BF4B-00C04F79EFBC}") = "Phone_Book", "Phone_Book\Phone_Book.csproj", "{A22ED3B9-2185-47A0-B2A6-F30727BD0DB7}"
EndProject
Global
	GlobalSection(SolutionConfigurationPlatforms) = preSolution
		Debug|Any CPU = Debug|Any CPU
		Release|Any CPU = Release|Any CPU
	EndGlobalSection
	GlobalSection(ProjectConfigurationPlatforms) = postSolution
		{A22ED3B9-2185-47A0-B2A6-F30727BD0DB7}.Debug|Any CPU.ActiveCfg = Debug|Any CPU
		{A22ED3B9-2185-47A0-B2A6-F30727BD0DB7}.Debug|Any CPU.Build.0 = Debug|Any CPU
		{A22ED3B9-2185-47A0-B2A6-F30727BD0DB7}.Release|Any CPU.ActiveCfg = Release|Any CPU
		{A22ED3B9-2185-47A0-B2A6-F30727BD0DB7}.Release|Any CPU.Build.0 = Release|Any CPU
	EndGlobalSection
	GlobalSection(SolutionProperties) = preSolution
		HideSolutionNode = FALSE
	EndGlobalSection
	GlobalSection(ExtensibilityGlobals) = postSolution
		SolutionGuid = {CE979E0B-830B-4F3D-9197-1FA529DE53A6}
	EndGlobalSection
EndGlobal
